
Microsoft Visual Studio Solution File, Format Version 12.00
# Visual Studio Version 17
VisualStudioVersion = 17.9.34723.18
MinimumVisualStudioVersion = 10.0.40219.1
Project("{9A19103F-16F7-4668-BE54-9A1E7A4F7556}") = "Bibloteca", "Bibloteca.csproj", "{B99F7BFC-59F1-4A44-8255-0FB6B8A0BB58}"
EndProject
Project("{FAE04EC0-301F-11D3-BF4B-00C04F79EFBC}") = "Formulario", "..\Formulario\Formulario.csproj", "{AFBBEF6F-A306-4ED7-9A5E-D309339C0380}"
EndProject
Global
	GlobalSection(SolutionConfigurationPlatforms) = preSolution
		Debug|Any CPU = Debug|Any CPU
		Release|Any CPU = Release|Any CPU
	EndGlobalSection
	GlobalSection(ProjectConfigurationPlatforms) = postSolution
		{B99F7BFC-59F1-4A44-8255-0FB6B8A0BB58}.Debug|Any CPU.ActiveCfg = Debug|Any CPU
		{B99F7BFC-59F1-4A44-8255-0FB6B8A0BB58}.Debug|Any CPU.Build.0 = Debug|Any CPU
		{B99F7BFC-59F1-4A44-8255-0FB6B8A0BB58}.Release|Any CPU.ActiveCfg = Release|Any CPU
		{B99F7BFC-59F1-4A44-8255-0FB6B8A0BB58}.Release|Any CPU.Build.0 = Release|Any CPU
		{AFBBEF6F-A306-4ED7-9A5E-D309339C0380}.Debug|Any CPU.ActiveCfg = Debug|Any CPU
		{AFBBEF6F-A306-4ED7-9A5E-D309339C0380}.Debug|Any CPU.Build.0 = Debug|Any CPU
		{AFBBEF6F-A306-4ED7-9A5E-D309339C0380}.Release|Any CPU.ActiveCfg = Release|Any CPU
		{AFBBEF6F-A306-4ED7-9A5E-D309339C0380}.Release|Any CPU.Build.0 = Release|Any CPU
	EndGlobalSection
	GlobalSection(SolutionProperties) = preSolution
		HideSolutionNode = FALSE
	EndGlobalSection
	GlobalSection(ExtensibilityGlobals) = postSolution
		SolutionGuid = {7846D407-462D-484E-9DB8-D4D94129E22E}
	EndGlobalSection
EndGlobal
